
Microsoft Visual Studio Solution File, Format Version 12.00
# Visual Studio Version 17
VisualStudioVersion = 17.2.32602.215
MinimumVisualStudioVersion = 10.0.40219.1
Project("{FAE04EC0-301F-11D3-BF4B-00C04F79EFBC}") = "Laba 5", "Laba 5\Laba 5.csproj", "{D1317433-F56F-4B65-AF85-E949B5D0A815}"
EndProject
Global
	GlobalSection(SolutionConfigurationPlatforms) = preSolution
		Debug|Any CPU = Debug|Any CPU
		Release|Any CPU = Release|Any CPU
	EndGlobalSection
	GlobalSection(ProjectConfigurationPlatforms) = postSolution
		{D1317433-F56F-4B65-AF85-E949B5D0A815}.Debug|Any CPU.ActiveCfg = Debug|Any CPU
		{D1317433-F56F-4B65-AF85-E949B5D0A815}.Debug|Any CPU.Build.0 = Debug|Any CPU
		{D1317433-F56F-4B65-AF85-E949B5D0A815}.Release|Any CPU.ActiveCfg = Release|Any CPU
		{D1317433-F56F-4B65-AF85-E949B5D0A815}.Release|Any CPU.Build.0 = Release|Any CPU
	EndGlobalSection
	GlobalSection(SolutionProperties) = preSolution
		HideSolutionNode = FALSE
	EndGlobalSection
	GlobalSection(ExtensibilityGlobals) = postSolution
		SolutionGuid = {13AF2385-9262-4240-B160-27D51193B822}
	EndGlobalSection
EndGlobal
