
Microsoft Visual Studio Solution File, Format Version 12.00
# Visual Studio Version 17
VisualStudioVersion = 17.2.32602.215
MinimumVisualStudioVersion = 10.0.40219.1
Project("{FAE04EC0-301F-11D3-BF4B-00C04F79EFBC}") = "Laba7", "Laba7\Laba7.csproj", "{7D846E82-45D1-46F2-85EB-AE332E45D0FF}"
EndProject
Global
	GlobalSection(SolutionConfigurationPlatforms) = preSolution
		Debug|Any CPU = Debug|Any CPU
		Release|Any CPU = Release|Any CPU
	EndGlobalSection
	GlobalSection(ProjectConfigurationPlatforms) = postSolution
		{7D846E82-45D1-46F2-85EB-AE332E45D0FF}.Debug|Any CPU.ActiveCfg = Debug|Any CPU
		{7D846E82-45D1-46F2-85EB-AE332E45D0FF}.Debug|Any CPU.Build.0 = Debug|Any CPU
		{7D846E82-45D1-46F2-85EB-AE332E45D0FF}.Release|Any CPU.ActiveCfg = Release|Any CPU
		{7D846E82-45D1-46F2-85EB-AE332E45D0FF}.Release|Any CPU.Build.0 = Release|Any CPU
	EndGlobalSection
	GlobalSection(SolutionProperties) = preSolution
		HideSolutionNode = FALSE
	EndGlobalSection
	GlobalSection(ExtensibilityGlobals) = postSolution
		SolutionGuid = {80144B50-CA75-4BD8-AC63-7F131748F27E}
	EndGlobalSection
EndGlobal
